
Microsoft Visual Studio Solution File, Format Version 12.00
# Visual Studio Version 16
VisualStudioVersion = 16.0.31205.134
MinimumVisualStudioVersion = 10.0.40219.1
Project("{00D1A9C2-B5F0-4AF3-8072-F6C62B433612}") = "PMSFile", "PMSFile.sqlproj", "{1CC9B2A6-F6DB-49A9-A1AB-83376250E5E0}"
EndProject
Global
	GlobalSection(SolutionConfigurationPlatforms) = preSolution
		Debug|Any CPU = Debug|Any CPU
		Release|Any CPU = Release|Any CPU
	EndGlobalSection
	GlobalSection(ProjectConfigurationPlatforms) = postSolution
		{1CC9B2A6-F6DB-49A9-A1AB-83376250E5E0}.Debug|Any CPU.ActiveCfg = Debug|Any CPU
		{1CC9B2A6-F6DB-49A9-A1AB-83376250E5E0}.Debug|Any CPU.Build.0 = Debug|Any CPU
		{1CC9B2A6-F6DB-49A9-A1AB-83376250E5E0}.Debug|Any CPU.Deploy.0 = Debug|Any CPU
		{1CC9B2A6-F6DB-49A9-A1AB-83376250E5E0}.Release|Any CPU.ActiveCfg = Release|Any CPU
		{1CC9B2A6-F6DB-49A9-A1AB-83376250E5E0}.Release|Any CPU.Build.0 = Release|Any CPU
		{1CC9B2A6-F6DB-49A9-A1AB-83376250E5E0}.Release|Any CPU.Deploy.0 = Release|Any CPU
	EndGlobalSection
	GlobalSection(SolutionProperties) = preSolution
		HideSolutionNode = FALSE
	EndGlobalSection
	GlobalSection(ExtensibilityGlobals) = postSolution
		SolutionGuid = {B8C4D67A-310F-4B4E-80ED-71F4CC642504}
	EndGlobalSection
EndGlobal
