
Microsoft Visual Studio Solution File, Format Version 12.00
# Visual Studio Version 16
VisualStudioVersion = 16.0.29102.190
MinimumVisualStudioVersion = 10.0.40219.1
Project("{FAE04EC0-301F-11D3-BF4B-00C04F79EFBC}") = "PowerBI.Daily", "PowerBI.Daily.csproj", "{5678068E-5490-4414-A4F0-4B8E8916D5AE}"
EndProject
Global
	GlobalSection(SolutionConfigurationPlatforms) = preSolution
		Debug|Any CPU = Debug|Any CPU
		Debug|x86 = Debug|x86
		Release|Any CPU = Release|Any CPU
		Release|x86 = Release|x86
	EndGlobalSection
	GlobalSection(ProjectConfigurationPlatforms) = postSolution
		{5678068E-5490-4414-A4F0-4B8E8916D5AE}.Debug|Any CPU.ActiveCfg = Debug|Any CPU
		{5678068E-5490-4414-A4F0-4B8E8916D5AE}.Debug|Any CPU.Build.0 = Debug|Any CPU
		{5678068E-5490-4414-A4F0-4B8E8916D5AE}.Debug|x86.ActiveCfg = Debug|x86
		{5678068E-5490-4414-A4F0-4B8E8916D5AE}.Debug|x86.Build.0 = Debug|x86
		{5678068E-5490-4414-A4F0-4B8E8916D5AE}.Release|Any CPU.ActiveCfg = Release|Any CPU
		{5678068E-5490-4414-A4F0-4B8E8916D5AE}.Release|Any CPU.Build.0 = Release|Any CPU
		{5678068E-5490-4414-A4F0-4B8E8916D5AE}.Release|x86.ActiveCfg = Debug|Any CPU
		{5678068E-5490-4414-A4F0-4B8E8916D5AE}.Release|x86.Build.0 = Debug|Any CPU
	EndGlobalSection
	GlobalSection(SolutionProperties) = preSolution
		HideSolutionNode = FALSE
	EndGlobalSection
	GlobalSection(ExtensibilityGlobals) = postSolution
		SolutionGuid = {A45ECB83-2934-4C33-B1F1-AB33AC998634}
	EndGlobalSection
EndGlobal
